
Microsoft Visual Studio Solution File, Format Version 11.00
# Visual Studio 2010
Project("{FAE04EC0-301F-11D3-BF4B-00C04F79EFBC}") = "Assembly-CSharp", "Assembly-CSharp.csproj", "{b1d064c3-98d3-7e65-2fda-b1eb0176880c}"
EndProject
Project("{FAE04EC0-301F-11D3-BF4B-00C04F79EFBC}") = "PhotonUnityNetworking.Demos", "PhotonUnityNetworking.Demos.csproj", "{9ba02bc1-2deb-5949-8611-78cec596f53a}"
EndProject
Project("{FAE04EC0-301F-11D3-BF4B-00C04F79EFBC}") = "Polyperfect.Common", "Polyperfect.Common.csproj", "{b338a170-d75e-6570-9157-353633889701}"
EndProject
Project("{FAE04EC0-301F-11D3-BF4B-00C04F79EFBC}") = "PhotonRealtime", "PhotonRealtime.csproj", "{b43dba84-eed0-3d95-b44d-90583e6124c6}"
EndProject
Project("{FAE04EC0-301F-11D3-BF4B-00C04F79EFBC}") = "PhotonUnityNetworking", "PhotonUnityNetworking.csproj", "{28a5d3d8-48f1-b121-0110-90f0946fc479}"
EndProject
Project("{FAE04EC0-301F-11D3-BF4B-00C04F79EFBC}") = "PhotonUnityNetworking.Utilities", "PhotonUnityNetworking.Utilities.csproj", "{7f472de1-e658-e42b-1559-a873ebccf019}"
EndProject
Project("{FAE04EC0-301F-11D3-BF4B-00C04F79EFBC}") = "OnwershipTestsASMDEF", "OnwershipTestsASMDEF.csproj", "{ab1d9940-9882-70bc-76ab-1ba9342d563d}"
EndProject
Project("{FAE04EC0-301F-11D3-BF4B-00C04F79EFBC}") = "PhotonChat", "PhotonChat.csproj", "{283942d0-1fb7-d441-b161-c4db9e435ded}"
EndProject
Project("{FAE04EC0-301F-11D3-BF4B-00C04F79EFBC}") = "InterestManagement", "InterestManagement.csproj", "{2a4fad5a-3b13-6771-fec4-90259959178f}"
EndProject
Project("{FAE04EC0-301F-11D3-BF4B-00C04F79EFBC}") = "PhotonUnityNetworking.Editor", "PhotonUnityNetworking.Editor.csproj", "{9ffed843-cbaa-0043-5451-c6c6963107e0}"
EndProject
Project("{FAE04EC0-301F-11D3-BF4B-00C04F79EFBC}") = "PhotonUnityNetworking.Utilities.PhotonPlayer.Editor", "PhotonUnityNetworking.Utilities.PhotonPlayer.Editor.csproj", "{6d81d05d-374a-491b-ebb5-c4512fb7963b}"
EndProject
Project("{FAE04EC0-301F-11D3-BF4B-00C04F79EFBC}") = "PunDemos.DemoSlotcarEditor", "PunDemos.DemoSlotcarEditor.csproj", "{9f822868-c9c6-7b08-2f3e-bd6215aed715}"
EndProject
Project("{FAE04EC0-301F-11D3-BF4B-00C04F79EFBC}") = "PhotonUnityNetworking.Utilities.Culling.Editor", "PhotonUnityNetworking.Utilities.Culling.Editor.csproj", "{4b0ce2b5-fe1b-8b02-60b6-c17ccfab5fa0}"
EndProject
Project("{FAE04EC0-301F-11D3-BF4B-00C04F79EFBC}") = "PunDemos.DemoHubEditor", "PunDemos.DemoHubEditor.csproj", "{da05ccc4-a9f9-0da5-94c8-f41f9918f0ea}"
EndProject
Project("{FAE04EC0-301F-11D3-BF4B-00C04F79EFBC}") = "Assembly-CSharp-Editor", "Assembly-CSharp-Editor.csproj", "{c1cd22c0-2461-70f4-6bc9-5e968c9b26a6}"
EndProject
Global
	GlobalSection(SolutionConfigurationPlatforms) = preSolution
		Debug|Any CPU = Debug|Any CPU
	EndGlobalSection
	GlobalSection(ProjectConfigurationPlatforms) = postSolution
		{b1d064c3-98d3-7e65-2fda-b1eb0176880c}.Debug|Any CPU.ActiveCfg = Debug|Any CPU
		{b1d064c3-98d3-7e65-2fda-b1eb0176880c}.Debug|Any CPU.Build.0 = Debug|Any CPU
		{9ba02bc1-2deb-5949-8611-78cec596f53a}.Debug|Any CPU.ActiveCfg = Debug|Any CPU
		{9ba02bc1-2deb-5949-8611-78cec596f53a}.Debug|Any CPU.Build.0 = Debug|Any CPU
		{b338a170-d75e-6570-9157-353633889701}.Debug|Any CPU.ActiveCfg = Debug|Any CPU
		{b338a170-d75e-6570-9157-353633889701}.Debug|Any CPU.Build.0 = Debug|Any CPU
		{b43dba84-eed0-3d95-b44d-90583e6124c6}.Debug|Any CPU.ActiveCfg = Debug|Any CPU
		{b43dba84-eed0-3d95-b44d-90583e6124c6}.Debug|Any CPU.Build.0 = Debug|Any CPU
		{28a5d3d8-48f1-b121-0110-90f0946fc479}.Debug|Any CPU.ActiveCfg = Debug|Any CPU
		{28a5d3d8-48f1-b121-0110-90f0946fc479}.Debug|Any CPU.Build.0 = Debug|Any CPU
		{7f472de1-e658-e42b-1559-a873ebccf019}.Debug|Any CPU.ActiveCfg = Debug|Any CPU
		{7f472de1-e658-e42b-1559-a873ebccf019}.Debug|Any CPU.Build.0 = Debug|Any CPU
		{ab1d9940-9882-70bc-76ab-1ba9342d563d}.Debug|Any CPU.ActiveCfg = Debug|Any CPU
		{ab1d9940-9882-70bc-76ab-1ba9342d563d}.Debug|Any CPU.Build.0 = Debug|Any CPU
		{283942d0-1fb7-d441-b161-c4db9e435ded}.Debug|Any CPU.ActiveCfg = Debug|Any CPU
		{283942d0-1fb7-d441-b161-c4db9e435ded}.Debug|Any CPU.Build.0 = Debug|Any CPU
		{2a4fad5a-3b13-6771-fec4-90259959178f}.Debug|Any CPU.ActiveCfg = Debug|Any CPU
		{2a4fad5a-3b13-6771-fec4-90259959178f}.Debug|Any CPU.Build.0 = Debug|Any CPU
		{9ffed843-cbaa-0043-5451-c6c6963107e0}.Debug|Any CPU.ActiveCfg = Debug|Any CPU
		{9ffed843-cbaa-0043-5451-c6c6963107e0}.Debug|Any CPU.Build.0 = Debug|Any CPU
		{6d81d05d-374a-491b-ebb5-c4512fb7963b}.Debug|Any CPU.ActiveCfg = Debug|Any CPU
		{6d81d05d-374a-491b-ebb5-c4512fb7963b}.Debug|Any CPU.Build.0 = Debug|Any CPU
		{9f822868-c9c6-7b08-2f3e-bd6215aed715}.Debug|Any CPU.ActiveCfg = Debug|Any CPU
		{9f822868-c9c6-7b08-2f3e-bd6215aed715}.Debug|Any CPU.Build.0 = Debug|Any CPU
		{4b0ce2b5-fe1b-8b02-60b6-c17ccfab5fa0}.Debug|Any CPU.ActiveCfg = Debug|Any CPU
		{4b0ce2b5-fe1b-8b02-60b6-c17ccfab5fa0}.Debug|Any CPU.Build.0 = Debug|Any CPU
		{da05ccc4-a9f9-0da5-94c8-f41f9918f0ea}.Debug|Any CPU.ActiveCfg = Debug|Any CPU
		{da05ccc4-a9f9-0da5-94c8-f41f9918f0ea}.Debug|Any CPU.Build.0 = Debug|Any CPU
		{c1cd22c0-2461-70f4-6bc9-5e968c9b26a6}.Debug|Any CPU.ActiveCfg = Debug|Any CPU
		{c1cd22c0-2461-70f4-6bc9-5e968c9b26a6}.Debug|Any CPU.Build.0 = Debug|Any CPU
	EndGlobalSection
	GlobalSection(SolutionProperties) = preSolution
		HideSolutionNode = FALSE
	EndGlobalSection
EndGlobal
