
Microsoft Visual Studio Solution File, Format Version 12.00
# Visual Studio 15
Project("{FAE04EC0-301F-11D3-BF4B-00C04F79EFBC}") = "Assembly-CSharp", "Assembly-CSharp.csproj", "{C364D0B1-D398-657E-2FDA-B1EB0176880C}"
EndProject
Project("{FAE04EC0-301F-11D3-BF4B-00C04F79EFBC}") = "PhotonUnityNetworking.Demos", "PhotonUnityNetworking.Demos.csproj", "{C12BA09B-EB2D-4959-8611-78CEC596F53A}"
EndProject
Project("{FAE04EC0-301F-11D3-BF4B-00C04F79EFBC}") = "Polyperfect.Common", "Polyperfect.Common.csproj", "{70A138B3-5ED7-7065-9157-353633889701}"
EndProject
Project("{FAE04EC0-301F-11D3-BF4B-00C04F79EFBC}") = "PhotonRealtime", "PhotonRealtime.csproj", "{84BA3DB4-D0EE-953D-B44D-90583E6124C6}"
EndProject
Project("{FAE04EC0-301F-11D3-BF4B-00C04F79EFBC}") = "PhotonUnityNetworking", "PhotonUnityNetworking.csproj", "{D8D3A528-F148-21B1-0110-90F0946FC479}"
EndProject
Project("{FAE04EC0-301F-11D3-BF4B-00C04F79EFBC}") = "PhotonUnityNetworking.Utilities", "PhotonUnityNetworking.Utilities.csproj", "{E12D477F-58E6-2BE4-1559-A873EBCCF019}"
EndProject
Project("{FAE04EC0-301F-11D3-BF4B-00C04F79EFBC}") = "OnwershipTestsASMDEF", "OnwershipTestsASMDEF.csproj", "{40991DAB-8298-BC70-76AB-1BA9342D563D}"
EndProject
Project("{FAE04EC0-301F-11D3-BF4B-00C04F79EFBC}") = "PhotonChat", "PhotonChat.csproj", "{D0423928-B71F-41D4-B161-C4DB9E435DED}"
EndProject
Project("{FAE04EC0-301F-11D3-BF4B-00C04F79EFBC}") = "InterestManagement", "InterestManagement.csproj", "{5AAD4F2A-133B-7167-FEC4-90259959178F}"
EndProject
Project("{FAE04EC0-301F-11D3-BF4B-00C04F79EFBC}") = "PhotonUnityNetworking.Editor", "PhotonUnityNetworking.Editor.csproj", "{43D8FE9F-AACB-4300-5451-C6C6963107E0}"
EndProject
Project("{FAE04EC0-301F-11D3-BF4B-00C04F79EFBC}") = "PhotonUnityNetworking.Utilities.PhotonPlayer.Editor", "PhotonUnityNetworking.Utilities.PhotonPlayer.Editor.csproj", "{5DD0816D-4A37-1B49-EBB5-C4512FB7963B}"
EndProject
Project("{FAE04EC0-301F-11D3-BF4B-00C04F79EFBC}") = "PunDemos.DemoSlotcarEditor", "PunDemos.DemoSlotcarEditor.csproj", "{6828829F-C6C9-087B-2F3E-BD6215AED715}"
EndProject
Project("{FAE04EC0-301F-11D3-BF4B-00C04F79EFBC}") = "PhotonUnityNetworking.Utilities.Culling.Editor", "PhotonUnityNetworking.Utilities.Culling.Editor.csproj", "{B5E20C4B-1BFE-028B-60B6-C17CCFAB5FA0}"
EndProject
Project("{FAE04EC0-301F-11D3-BF4B-00C04F79EFBC}") = "PunDemos.DemoHubEditor", "PunDemos.DemoHubEditor.csproj", "{C4CC05DA-F9A9-A50D-94C8-F41F9918F0EA}"
EndProject
Project("{FAE04EC0-301F-11D3-BF4B-00C04F79EFBC}") = "Assembly-CSharp-Editor", "Assembly-CSharp-Editor.csproj", "{C022CDC1-6124-F470-6BC9-5E968C9B26A6}"
EndProject
Global
	GlobalSection(SolutionConfigurationPlatforms) = preSolution
		Debug|Any CPU = Debug|Any CPU
		Release|Any CPU = Release|Any CPU
	EndGlobalSection
	GlobalSection(ProjectConfigurationPlatforms) = postSolution
		{C364D0B1-D398-657E-2FDA-B1EB0176880C}.Debug|Any CPU.ActiveCfg = Debug|Any CPU
		{C364D0B1-D398-657E-2FDA-B1EB0176880C}.Debug|Any CPU.Build.0 = Debug|Any CPU
		{C364D0B1-D398-657E-2FDA-B1EB0176880C}.Release|Any CPU.ActiveCfg = Release|Any CPU
		{C364D0B1-D398-657E-2FDA-B1EB0176880C}.Release|Any CPU.Build.0 = Release|Any CPU
		{C12BA09B-EB2D-4959-8611-78CEC596F53A}.Debug|Any CPU.ActiveCfg = Debug|Any CPU
		{C12BA09B-EB2D-4959-8611-78CEC596F53A}.Debug|Any CPU.Build.0 = Debug|Any CPU
		{C12BA09B-EB2D-4959-8611-78CEC596F53A}.Release|Any CPU.ActiveCfg = Release|Any CPU
		{C12BA09B-EB2D-4959-8611-78CEC596F53A}.Release|Any CPU.Build.0 = Release|Any CPU
		{70A138B3-5ED7-7065-9157-353633889701}.Debug|Any CPU.ActiveCfg = Debug|Any CPU
		{70A138B3-5ED7-7065-9157-353633889701}.Debug|Any CPU.Build.0 = Debug|Any CPU
		{70A138B3-5ED7-7065-9157-353633889701}.Release|Any CPU.ActiveCfg = Release|Any CPU
		{70A138B3-5ED7-7065-9157-353633889701}.Release|Any CPU.Build.0 = Release|Any CPU
		{84BA3DB4-D0EE-953D-B44D-90583E6124C6}.Debug|Any CPU.ActiveCfg = Debug|Any CPU
		{84BA3DB4-D0EE-953D-B44D-90583E6124C6}.Debug|Any CPU.Build.0 = Debug|Any CPU
		{84BA3DB4-D0EE-953D-B44D-90583E6124C6}.Release|Any CPU.ActiveCfg = Release|Any CPU
		{84BA3DB4-D0EE-953D-B44D-90583E6124C6}.Release|Any CPU.Build.0 = Release|Any CPU
		{D8D3A528-F148-21B1-0110-90F0946FC479}.Debug|Any CPU.ActiveCfg = Debug|Any CPU
		{D8D3A528-F148-21B1-0110-90F0946FC479}.Debug|Any CPU.Build.0 = Debug|Any CPU
		{D8D3A528-F148-21B1-0110-90F0946FC479}.Release|Any CPU.ActiveCfg = Release|Any CPU
		{D8D3A528-F148-21B1-0110-90F0946FC479}.Release|Any CPU.Build.0 = Release|Any CPU
		{E12D477F-58E6-2BE4-1559-A873EBCCF019}.Debug|Any CPU.ActiveCfg = Debug|Any CPU
		{E12D477F-58E6-2BE4-1559-A873EBCCF019}.Debug|Any CPU.Build.0 = Debug|Any CPU
		{E12D477F-58E6-2BE4-1559-A873EBCCF019}.Release|Any CPU.ActiveCfg = Release|Any CPU
		{E12D477F-58E6-2BE4-1559-A873EBCCF019}.Release|Any CPU.Build.0 = Release|Any CPU
		{40991DAB-8298-BC70-76AB-1BA9342D563D}.Debug|Any CPU.ActiveCfg = Debug|Any CPU
		{40991DAB-8298-BC70-76AB-1BA9342D563D}.Debug|Any CPU.Build.0 = Debug|Any CPU
		{40991DAB-8298-BC70-76AB-1BA9342D563D}.Release|Any CPU.ActiveCfg = Release|Any CPU
		{40991DAB-8298-BC70-76AB-1BA9342D563D}.Release|Any CPU.Build.0 = Release|Any CPU
		{D0423928-B71F-41D4-B161-C4DB9E435DED}.Debug|Any CPU.ActiveCfg = Debug|Any CPU
		{D0423928-B71F-41D4-B161-C4DB9E435DED}.Debug|Any CPU.Build.0 = Debug|Any CPU
		{D0423928-B71F-41D4-B161-C4DB9E435DED}.Release|Any CPU.ActiveCfg = Release|Any CPU
		{D0423928-B71F-41D4-B161-C4DB9E435DED}.Release|Any CPU.Build.0 = Release|Any CPU
		{5AAD4F2A-133B-7167-FEC4-90259959178F}.Debug|Any CPU.ActiveCfg = Debug|Any CPU
		{5AAD4F2A-133B-7167-FEC4-90259959178F}.Debug|Any CPU.Build.0 = Debug|Any CPU
		{5AAD4F2A-133B-7167-FEC4-90259959178F}.Release|Any CPU.ActiveCfg = Release|Any CPU
		{5AAD4F2A-133B-7167-FEC4-90259959178F}.Release|Any CPU.Build.0 = Release|Any CPU
		{43D8FE9F-AACB-4300-5451-C6C6963107E0}.Debug|Any CPU.ActiveCfg = Debug|Any CPU
		{43D8FE9F-AACB-4300-5451-C6C6963107E0}.Debug|Any CPU.Build.0 = Debug|Any CPU
		{43D8FE9F-AACB-4300-5451-C6C6963107E0}.Release|Any CPU.ActiveCfg = Release|Any CPU
		{43D8FE9F-AACB-4300-5451-C6C6963107E0}.Release|Any CPU.Build.0 = Release|Any CPU
		{5DD0816D-4A37-1B49-EBB5-C4512FB7963B}.Debug|Any CPU.ActiveCfg = Debug|Any CPU
		{5DD0816D-4A37-1B49-EBB5-C4512FB7963B}.Debug|Any CPU.Build.0 = Debug|Any CPU
		{5DD0816D-4A37-1B49-EBB5-C4512FB7963B}.Release|Any CPU.ActiveCfg = Release|Any CPU
		{5DD0816D-4A37-1B49-EBB5-C4512FB7963B}.Release|Any CPU.Build.0 = Release|Any CPU
		{6828829F-C6C9-087B-2F3E-BD6215AED715}.Debug|Any CPU.ActiveCfg = Debug|Any CPU
		{6828829F-C6C9-087B-2F3E-BD6215AED715}.Debug|Any CPU.Build.0 = Debug|Any CPU
		{6828829F-C6C9-087B-2F3E-BD6215AED715}.Release|Any CPU.ActiveCfg = Release|Any CPU
		{6828829F-C6C9-087B-2F3E-BD6215AED715}.Release|Any CPU.Build.0 = Release|Any CPU
		{B5E20C4B-1BFE-028B-60B6-C17CCFAB5FA0}.Debug|Any CPU.ActiveCfg = Debug|Any CPU
		{B5E20C4B-1BFE-028B-60B6-C17CCFAB5FA0}.Debug|Any CPU.Build.0 = Debug|Any CPU
		{B5E20C4B-1BFE-028B-60B6-C17CCFAB5FA0}.Release|Any CPU.ActiveCfg = Release|Any CPU
		{B5E20C4B-1BFE-028B-60B6-C17CCFAB5FA0}.Release|Any CPU.Build.0 = Release|Any CPU
		{C4CC05DA-F9A9-A50D-94C8-F41F9918F0EA}.Debug|Any CPU.ActiveCfg = Debug|Any CPU
		{C4CC05DA-F9A9-A50D-94C8-F41F9918F0EA}.Debug|Any CPU.Build.0 = Debug|Any CPU
		{C4CC05DA-F9A9-A50D-94C8-F41F9918F0EA}.Release|Any CPU.ActiveCfg = Release|Any CPU
		{C4CC05DA-F9A9-A50D-94C8-F41F9918F0EA}.Release|Any CPU.Build.0 = Release|Any CPU
		{C022CDC1-6124-F470-6BC9-5E968C9B26A6}.Debug|Any CPU.ActiveCfg = Debug|Any CPU
		{C022CDC1-6124-F470-6BC9-5E968C9B26A6}.Debug|Any CPU.Build.0 = Debug|Any CPU
		{C022CDC1-6124-F470-6BC9-5E968C9B26A6}.Release|Any CPU.ActiveCfg = Release|Any CPU
		{C022CDC1-6124-F470-6BC9-5E968C9B26A6}.Release|Any CPU.Build.0 = Release|Any CPU
	EndGlobalSection
	GlobalSection(SolutionProperties) = preSolution
		HideSolutionNode = FALSE
	EndGlobalSection
EndGlobal
